
Microsoft Visual Studio Solution File, Format Version 12.00
# Visual Studio Version 17
VisualStudioVersion = 17.2.32616.157
MinimumVisualStudioVersion = 10.0.40219.1
Project("{9A19103F-16F7-4668-BE54-9A1E7A4F7556}") = "ConversionUtility", "ConversionUtility\ConversionUtility.csproj", "{797CEB95-BEDC-438F-8D84-19640AB82BB7}"
EndProject
Project("{9A19103F-16F7-4668-BE54-9A1E7A4F7556}") = "SimpleRegistryTransfer", "SimpleRegistryTransfer\SimpleRegistryTransfer.csproj", "{0372AC16-2F47-4CFB-AD04-4C0DC6EC1B16}"
EndProject
Global
	GlobalSection(SolutionConfigurationPlatforms) = preSolution
		Debug|Any CPU = Debug|Any CPU
		Release|Any CPU = Release|Any CPU
	EndGlobalSection
	GlobalSection(ProjectConfigurationPlatforms) = postSolution
		{797CEB95-BEDC-438F-8D84-19640AB82BB7}.Debug|Any CPU.ActiveCfg = Debug|Any CPU
		{797CEB95-BEDC-438F-8D84-19640AB82BB7}.Debug|Any CPU.Build.0 = Debug|Any CPU
		{797CEB95-BEDC-438F-8D84-19640AB82BB7}.Release|Any CPU.ActiveCfg = Release|Any CPU
		{797CEB95-BEDC-438F-8D84-19640AB82BB7}.Release|Any CPU.Build.0 = Release|Any CPU
		{0372AC16-2F47-4CFB-AD04-4C0DC6EC1B16}.Debug|Any CPU.ActiveCfg = Debug|Any CPU
		{0372AC16-2F47-4CFB-AD04-4C0DC6EC1B16}.Debug|Any CPU.Build.0 = Debug|Any CPU
		{0372AC16-2F47-4CFB-AD04-4C0DC6EC1B16}.Release|Any CPU.ActiveCfg = Release|Any CPU
		{0372AC16-2F47-4CFB-AD04-4C0DC6EC1B16}.Release|Any CPU.Build.0 = Release|Any CPU
	EndGlobalSection
	GlobalSection(SolutionProperties) = preSolution
		HideSolutionNode = FALSE
	EndGlobalSection
EndGlobal
